# Reviewed JS8 WASM build environment. Shell syntax is intentional.
BASE_IMAGE=debian:bookworm-slim@sha256:7b140f374b289a7c2befc338f42ebe6441b7ea838a042bbd5acbfca6ec875818
EMSCRIPTEN_VERSION=3.1.6
EMSCRIPTEN_PACKAGE_VERSION=3.1.6~dfsg-5
CMAKE_VERSION=3.25.1
CMAKE_PACKAGE_VERSION=3.25.1-1
NODE_VERSION=18.20.4
NODE_PACKAGE_VERSION=18.20.4+dfsg-1~deb12u2
NODE_LOCAL_MIN_MAJOR=18
NODE_LOCAL_MAX_MAJOR=20
BOOST_PACKAGE=libboost1.81-dev
BOOST_PACKAGE_VERSION=1.81.0-5+deb12u1
FFTW_PACKAGE_VERSION=3.3.10-1
FFTW_ORIG_SHA256=56c932549852cddcfafdab3820b0200c7742675be92179e59e6215b340e26467
